
Microsoft Visual Studio Solution File, Format Version 11.00
# Visual Studio 2010
Project("{FAE04EC0-301F-11D3-BF4B-00C04F79EFBC}") = "585Project", "Assembly-CSharp.csproj", "{C5AD7FBC-D884-97A0-F7D7-E9B8D44AB593}"
EndProject
Project("{FAE04EC0-301F-11D3-BF4B-00C04F79EFBC}") = "585Project", "Assembly-CSharp-firstpass.csproj", "{883A0D67-2430-B0DC-133D-C796B499ED4C}"
EndProject
Project("{FAE04EC0-301F-11D3-BF4B-00C04F79EFBC}") = "585Project", "Assembly-CSharp-Editor-firstpass.csproj", "{0EA1AA42-5A7C-A56F-82C8-2314A956E4A3}"
EndProject
Project("{FAE04EC0-301F-11D3-BF4B-00C04F79EFBC}") = "585Project", "Assembly-CSharp-Editor.csproj", "{B2111F5E-DF05-89BD-89C5-E4435E079FC7}"
EndProject
Global
	GlobalSection(SolutionConfigurationPlatforms) = preSolution
		Debug|Any CPU = Debug|Any CPU
		Release|Any CPU = Release|Any CPU
	EndGlobalSection
	GlobalSection(ProjectConfigurationPlatforms) = postSolution
		{C5AD7FBC-D884-97A0-F7D7-E9B8D44AB593}.Debug|Any CPU.ActiveCfg = Debug|Any CPU
		{C5AD7FBC-D884-97A0-F7D7-E9B8D44AB593}.Debug|Any CPU.Build.0 = Debug|Any CPU
		{C5AD7FBC-D884-97A0-F7D7-E9B8D44AB593}.Release|Any CPU.ActiveCfg = Release|Any CPU
		{C5AD7FBC-D884-97A0-F7D7-E9B8D44AB593}.Release|Any CPU.Build.0 = Release|Any CPU
		{883A0D67-2430-B0DC-133D-C796B499ED4C}.Debug|Any CPU.ActiveCfg = Debug|Any CPU
		{883A0D67-2430-B0DC-133D-C796B499ED4C}.Debug|Any CPU.Build.0 = Debug|Any CPU
		{883A0D67-2430-B0DC-133D-C796B499ED4C}.Release|Any CPU.ActiveCfg = Release|Any CPU
		{883A0D67-2430-B0DC-133D-C796B499ED4C}.Release|Any CPU.Build.0 = Release|Any CPU
		{0EA1AA42-5A7C-A56F-82C8-2314A956E4A3}.Debug|Any CPU.ActiveCfg = Debug|Any CPU
		{0EA1AA42-5A7C-A56F-82C8-2314A956E4A3}.Debug|Any CPU.Build.0 = Debug|Any CPU
		{0EA1AA42-5A7C-A56F-82C8-2314A956E4A3}.Release|Any CPU.ActiveCfg = Release|Any CPU
		{0EA1AA42-5A7C-A56F-82C8-2314A956E4A3}.Release|Any CPU.Build.0 = Release|Any CPU
		{B2111F5E-DF05-89BD-89C5-E4435E079FC7}.Debug|Any CPU.ActiveCfg = Debug|Any CPU
		{B2111F5E-DF05-89BD-89C5-E4435E079FC7}.Debug|Any CPU.Build.0 = Debug|Any CPU
		{B2111F5E-DF05-89BD-89C5-E4435E079FC7}.Release|Any CPU.ActiveCfg = Release|Any CPU
		{B2111F5E-DF05-89BD-89C5-E4435E079FC7}.Release|Any CPU.Build.0 = Release|Any CPU
	EndGlobalSection
	GlobalSection(SolutionProperties) = preSolution
		HideSolutionNode = FALSE
	EndGlobalSection
	GlobalSection(MonoDevelopProperties) = preSolution
		StartupItem = Assembly-CSharp.csproj
	EndGlobalSection
EndGlobal
